
Microsoft Visual Studio Solution File, Format Version 12.00
# Visual Studio Version 17
VisualStudioVersion = 17.14.36408.4 d17.14
MinimumVisualStudioVersion = 10.0.40219.1
Project("{FAE04EC0-301F-11D3-BF4B-00C04F79EFBC}") = "baitapbuoi2", "baitapbuoi2\baitapbuoi2.csproj", "{AF3898C4-ACDB-4E63-9706-071D993815BB}"
EndProject
Global
	GlobalSection(SolutionConfigurationPlatforms) = preSolution
		Debug|Any CPU = Debug|Any CPU
		Release|Any CPU = Release|Any CPU
	EndGlobalSection
	GlobalSection(ProjectConfigurationPlatforms) = postSolution
		{AF3898C4-ACDB-4E63-9706-071D993815BB}.Debug|Any CPU.ActiveCfg = Debug|Any CPU
		{AF3898C4-ACDB-4E63-9706-071D993815BB}.Debug|Any CPU.Build.0 = Debug|Any CPU
		{AF3898C4-ACDB-4E63-9706-071D993815BB}.Release|Any CPU.ActiveCfg = Release|Any CPU
		{AF3898C4-ACDB-4E63-9706-071D993815BB}.Release|Any CPU.Build.0 = Release|Any CPU
	EndGlobalSection
	GlobalSection(SolutionProperties) = preSolution
		HideSolutionNode = FALSE
	EndGlobalSection
	GlobalSection(ExtensibilityGlobals) = postSolution
		SolutionGuid = {E3FA96C7-FA8B-4E7F-82B3-E3BF5FF21D65}
	EndGlobalSection
EndGlobal
